
Microsoft Visual Studio Solution File, Format Version 12.00
# Visual Studio 14
VisualStudioVersion = 14.0.25123.0
MinimumVisualStudioVersion = 10.0.40219.1
Project("{FAE04EC0-301F-11D3-BF4B-00C04F79EFBC}") = "Task1", "Task1\Task1.csproj", "{635FD458-8EB1-4A8E-9DAA-41E685227A7B}"
EndProject
Project("{FAE04EC0-301F-11D3-BF4B-00C04F79EFBC}") = "Task2", "Task2\Task2.csproj", "{CA62327A-C527-45A3-96E7-1495427AB72B}"
EndProject
Project("{FAE04EC0-301F-11D3-BF4B-00C04F79EFBC}") = "Task3", "Task3\Task3.csproj", "{8C9DC653-5ADB-49BC-9EFE-03D3446C9A81}"
EndProject
Project("{FAE04EC0-301F-11D3-BF4B-00C04F79EFBC}") = "Task4", "Task4\Task4.csproj", "{F47FDAAC-FAD9-41D7-BCA7-9990D3F4FB7C}"
EndProject
Project("{FAE04EC0-301F-11D3-BF4B-00C04F79EFBC}") = "Task5", "Task5\Task5.csproj", "{190FED64-723E-4656-9585-FEF5FA59A41E}"
EndProject
Project("{FAE04EC0-301F-11D3-BF4B-00C04F79EFBC}") = "Task6", "Task6\Task6.csproj", "{F2A7BE62-220C-40E5-9491-F20652ADCFC0}"
EndProject
Global
	GlobalSection(SolutionConfigurationPlatforms) = preSolution
		Debug|Any CPU = Debug|Any CPU
		Release|Any CPU = Release|Any CPU
	EndGlobalSection
	GlobalSection(ProjectConfigurationPlatforms) = postSolution
		{635FD458-8EB1-4A8E-9DAA-41E685227A7B}.Debug|Any CPU.ActiveCfg = Debug|Any CPU
		{635FD458-8EB1-4A8E-9DAA-41E685227A7B}.Debug|Any CPU.Build.0 = Debug|Any CPU
		{635FD458-8EB1-4A8E-9DAA-41E685227A7B}.Release|Any CPU.ActiveCfg = Release|Any CPU
		{635FD458-8EB1-4A8E-9DAA-41E685227A7B}.Release|Any CPU.Build.0 = Release|Any CPU
		{CA62327A-C527-45A3-96E7-1495427AB72B}.Debug|Any CPU.ActiveCfg = Debug|Any CPU
		{CA62327A-C527-45A3-96E7-1495427AB72B}.Debug|Any CPU.Build.0 = Debug|Any CPU
		{CA62327A-C527-45A3-96E7-1495427AB72B}.Release|Any CPU.ActiveCfg = Release|Any CPU
		{CA62327A-C527-45A3-96E7-1495427AB72B}.Release|Any CPU.Build.0 = Release|Any CPU
		{8C9DC653-5ADB-49BC-9EFE-03D3446C9A81}.Debug|Any CPU.ActiveCfg = Debug|Any CPU
		{8C9DC653-5ADB-49BC-9EFE-03D3446C9A81}.Debug|Any CPU.Build.0 = Debug|Any CPU
		{8C9DC653-5ADB-49BC-9EFE-03D3446C9A81}.Release|Any CPU.ActiveCfg = Release|Any CPU
		{8C9DC653-5ADB-49BC-9EFE-03D3446C9A81}.Release|Any CPU.Build.0 = Release|Any CPU
		{F47FDAAC-FAD9-41D7-BCA7-9990D3F4FB7C}.Debug|Any CPU.ActiveCfg = Debug|Any CPU
		{F47FDAAC-FAD9-41D7-BCA7-9990D3F4FB7C}.Debug|Any CPU.Build.0 = Debug|Any CPU
		{F47FDAAC-FAD9-41D7-BCA7-9990D3F4FB7C}.Release|Any CPU.ActiveCfg = Release|Any CPU
		{F47FDAAC-FAD9-41D7-BCA7-9990D3F4FB7C}.Release|Any CPU.Build.0 = Release|Any CPU
		{190FED64-723E-4656-9585-FEF5FA59A41E}.Debug|Any CPU.ActiveCfg = Debug|Any CPU
		{190FED64-723E-4656-9585-FEF5FA59A41E}.Debug|Any CPU.Build.0 = Debug|Any CPU
		{190FED64-723E-4656-9585-FEF5FA59A41E}.Release|Any CPU.ActiveCfg = Release|Any CPU
		{190FED64-723E-4656-9585-FEF5FA59A41E}.Release|Any CPU.Build.0 = Release|Any CPU
		{F2A7BE62-220C-40E5-9491-F20652ADCFC0}.Debug|Any CPU.ActiveCfg = Debug|Any CPU
		{F2A7BE62-220C-40E5-9491-F20652ADCFC0}.Debug|Any CPU.Build.0 = Debug|Any CPU
		{F2A7BE62-220C-40E5-9491-F20652ADCFC0}.Release|Any CPU.ActiveCfg = Release|Any CPU
		{F2A7BE62-220C-40E5-9491-F20652ADCFC0}.Release|Any CPU.Build.0 = Release|Any CPU
	EndGlobalSection
	GlobalSection(SolutionProperties) = preSolution
		HideSolutionNode = FALSE
	EndGlobalSection
EndGlobal
